
Microsoft Visual Studio Solution File, Format Version 12.00
# Visual Studio 15
VisualStudioVersion = 15.0.35213.121
MinimumVisualStudioVersion = 10.0.40219.1
Project("{FAE04EC0-301F-11D3-BF4B-00C04F79EFBC}") = "MayinTarlasi", "MayinTarlasi\MayinTarlasi.csproj", "{153D0E22-11CA-4B69-8800-CE63F316DCF1}"
EndProject
Global
	GlobalSection(SolutionConfigurationPlatforms) = preSolution
		Debug|Any CPU = Debug|Any CPU
		Release|Any CPU = Release|Any CPU
	EndGlobalSection
	GlobalSection(ProjectConfigurationPlatforms) = postSolution
		{153D0E22-11CA-4B69-8800-CE63F316DCF1}.Debug|Any CPU.ActiveCfg = Debug|Any CPU
		{153D0E22-11CA-4B69-8800-CE63F316DCF1}.Debug|Any CPU.Build.0 = Debug|Any CPU
		{153D0E22-11CA-4B69-8800-CE63F316DCF1}.Release|Any CPU.ActiveCfg = Release|Any CPU
		{153D0E22-11CA-4B69-8800-CE63F316DCF1}.Release|Any CPU.Build.0 = Release|Any CPU
	EndGlobalSection
	GlobalSection(SolutionProperties) = preSolution
		HideSolutionNode = FALSE
	EndGlobalSection
	GlobalSection(ExtensibilityGlobals) = postSolution
		SolutionGuid = {BD2082A3-FDAE-4EDB-B047-07C3F94C2E57}
	EndGlobalSection
EndGlobal
