
Microsoft Visual Studio Solution File, Format Version 12.00
# Visual Studio 15
VisualStudioVersion = 15.0.35213.121
MinimumVisualStudioVersion = 10.0.40219.1
Project("{FAE04EC0-301F-11D3-BF4B-00C04F79EFBC}") = "PolinomHesap", "PolinomHesap\PolinomHesap.csproj", "{4D5D115A-EFC8-4259-A9AD-8423D4AAA5FF}"
EndProject
Global
	GlobalSection(SolutionConfigurationPlatforms) = preSolution
		Debug|Any CPU = Debug|Any CPU
		Release|Any CPU = Release|Any CPU
	EndGlobalSection
	GlobalSection(ProjectConfigurationPlatforms) = postSolution
		{4D5D115A-EFC8-4259-A9AD-8423D4AAA5FF}.Debug|Any CPU.ActiveCfg = Debug|Any CPU
		{4D5D115A-EFC8-4259-A9AD-8423D4AAA5FF}.Debug|Any CPU.Build.0 = Debug|Any CPU
		{4D5D115A-EFC8-4259-A9AD-8423D4AAA5FF}.Release|Any CPU.ActiveCfg = Release|Any CPU
		{4D5D115A-EFC8-4259-A9AD-8423D4AAA5FF}.Release|Any CPU.Build.0 = Release|Any CPU
	EndGlobalSection
	GlobalSection(SolutionProperties) = preSolution
		HideSolutionNode = FALSE
	EndGlobalSection
	GlobalSection(ExtensibilityGlobals) = postSolution
		SolutionGuid = {2E123105-27BB-483A-9AB3-8BD4DBE195C8}
	EndGlobalSection
EndGlobal
